// !$*UTF8*$!
{
	archiveVersion = 1;
	classes = {
	};
	objectVersion = 55;
	objects = {

/* Begin PBXBuildFile section */
		3E43A07E279F85F900564728 /* URLRequest+Extension.swift in Sources */ = {isa = PBXBuildFile; fileRef = 3E43A07D279F85F900564728 /* URLRequest+Extension.swift */; };
		3E43A081279F894300564728 /* AriticleViewModel.swift in Sources */ = {isa = PBXBuildFile; fileRef = 3E43A080279F894300564728 /* AriticleViewModel.swift */; };
		3E43A084279F90B600564728 /* ArticleTableViewCell.swift in Sources */ = {isa = PBXBuildFile; fileRef = 3E43A083279F90B600564728 /* ArticleTableViewCell.swift */; };
		3ECA5EF5279EDC5C0029982D /* AppDelegate.swift in Sources */ = {isa = PBXBuildFile; fileRef = 3ECA5EF4279EDC5C0029982D /* AppDelegate.swift */; };
		3ECA5EF7279EDC5C0029982D /* SceneDelegate.swift in Sources */ = {isa = PBXBuildFile; fileRef = 3ECA5EF6279EDC5C0029982D /* SceneDelegate.swift */; };
		3ECA5EFC279EDC5C0029982D /* Main.storyboard in Resources */ = {isa = PBXBuildFile; fileRef = 3ECA5EFA279EDC5C0029982D /* Main.storyboard */; };
		3ECA5EFE279EDC5D0029982D /* Assets.xcassets in Resources */ = {isa = PBXBuildFile; fileRef = 3ECA5EFD279EDC5D0029982D /* Assets.xcassets */; };
		3ECA5F01279EDC5D0029982D /* LaunchScreen.storyboard in Resources */ = {isa = PBXBuildFile; fileRef = 3ECA5EFF279EDC5D0029982D /* LaunchScreen.storyboard */; };
		3ECA5F0A279EDD0A0029982D /* NewsTableViewController.swift in Sources */ = {isa = PBXBuildFile; fileRef = 3ECA5F09279EDD0A0029982D /* NewsTableViewController.swift */; };
		3ECA5F0D279EE1A70029982D /* Article.swift in Sources */ = {isa = PBXBuildFile; fileRef = 3ECA5F0C279EE1A70029982D /* Article.swift */; };
		8AE832E6AE71E94CB69FE947 /* Pods_NewsAppMVVM.framework in Frameworks */ = {isa = PBXBuildFile; fileRef = 50208F315A420EA7C4B705E5 /* Pods_NewsAppMVVM.framework */; };
/* End PBXBuildFile section */

/* Begin PBXFileReference section */
		3E43A07D279F85F900564728 /* URLRequest+Extension.swift */ = {isa = PBXFileReference; lastKnownFileType = sourcecode.swift; path = "URLRequest+Extension.swift"; sourceTree = "<group>"; };
		3E43A080279F894300564728 /* AriticleViewModel.swift */ = {isa = PBXFileReference; lastKnownFileType = sourcecode.swift; path = AriticleViewModel.swift; sourceTree = "<group>"; };
		3E43A083279F90B600564728 /* ArticleTableViewCell.swift */ = {isa = PBXFileReference; lastKnownFileType = sourcecode.swift; path = ArticleTableViewCell.swift; sourceTree = "<group>"; };
		3ECA5EF1279EDC5C0029982D /* NewsAppMVVM.app */ = {isa = PBXFileReference; explicitFileType = wrapper.application; includeInIndex = 0; path = NewsAppMVVM.app; sourceTree = BUILT_PRODUCTS_DIR; };
		3ECA5EF4279EDC5C0029982D /* AppDelegate.swift */ = {isa = PBXFileReference; lastKnownFileType = sourcecode.swift; path = AppDelegate.swift; sourceTree = "<group>"; };
		3ECA5EF6279EDC5C0029982D /* SceneDelegate.swift */ = {isa = PBXFileReference; lastKnownFileType = sourcecode.swift; path = SceneDelegate.swift; sourceTree = "<group>"; };
		3ECA5EFB279EDC5C0029982D /* Base */ = {isa = PBXFileReference; lastKnownFileType = file.storyboard; name = Base; path = Base.lproj/Main.storyboard; sourceTree = "<group>"; };
		3ECA5EFD279EDC5D0029982D /* Assets.xcassets */ = {isa = PBXFileReference; lastKnownFileType = folder.assetcatalog; path = Assets.xcassets; sourceTree = "<group>"; };
		3ECA5F00279EDC5D0029982D /* Base */ = {isa = PBXFileReference; lastKnownFileType = file.storyboard; name = Base; path = Base.lproj/LaunchScreen.storyboard; sourceTree = "<group>"; };
		3ECA5F02279EDC5D0029982D /* Info.plist */ = {isa = PBXFileReference; lastKnownFileType = text.plist.xml; path = Info.plist; sourceTree = "<group>"; };
		3ECA5F09279EDD0A0029982D /* NewsTableViewController.swift */ = {isa = PBXFileReference; lastKnownFileType = sourcecode.swift; path = NewsTableViewController.swift; sourceTree = "<group>"; };
		3ECA5F0C279EE1A70029982D /* Article.swift */ = {isa = PBXFileReference; lastKnownFileType = sourcecode.swift; path = Article.swift; sourceTree = "<group>"; };
		50208F315A420EA7C4B705E5 /* Pods_NewsAppMVVM.framework */ = {isa = PBXFileReference; explicitFileType = wrapper.framework; includeInIndex = 0; path = Pods_NewsAppMVVM.framework; sourceTree = BUILT_PRODUCTS_DIR; };
		C9A91AF372A32A88ED09C5D7 /* Pods-NewsAppMVVM.release.xcconfig */ = {isa = PBXFileReference; includeInIndex = 1; lastKnownFileType = text.xcconfig; name = "Pods-NewsAppMVVM.release.xcconfig"; path = "Target Support Files/Pods-NewsAppMVVM/Pods-NewsAppMVVM.release.xcconfig"; sourceTree = "<group>"; };
		D5E1DC3FB4A94B3ABF4249C8 /* Pods-NewsAppMVVM.debug.xcconfig */ = {isa = PBXFileReference; includeInIndex = 1; lastKnownFileType = text.xcconfig; name = "Pods-NewsAppMVVM.debug.xcconfig"; path = "Target Support Files/Pods-NewsAppMVVM/Pods-NewsAppMVVM.debug.xcconfig"; sourceTree = "<group>"; };
/* End PBXFileReference section */

/* Begin PBXFrameworksBuildPhase section */
		3ECA5EEE279EDC5C0029982D /* Frameworks */ = {
			isa = PBXFrameworksBuildPhase;
			buildActionMask = 2147483647;
			files = (
				8AE832E6AE71E94CB69FE947 /* Pods_NewsAppMVVM.framework in Frameworks */,
			);
			runOnlyForDeploymentPostprocessing = 0;
		};
/* End PBXFrameworksBuildPhase section */

/* Begin PBXGroup section */
		3E43A07C279F85E800564728 /* Extension */ = {
			isa = PBXGroup;
			children = (
				3E43A07D279F85F900564728 /* URLRequest+Extension.swift */,
			);
			path = Extension;
			sourceTree = "<group>";
		};
		3E43A07F279F892A00564728 /* ViewModels */ = {
			isa = PBXGroup;
			children = (
				3E43A080279F894300564728 /* AriticleViewModel.swift */,
			);
			path = ViewModels;
			sourceTree = "<group>";
		};
		3E43A082279F90A700564728 /* Cells */ = {
			isa = PBXGroup;
			children = (
				3E43A083279F90B600564728 /* ArticleTableViewCell.swift */,
			);
			path = Cells;
			sourceTree = "<group>";
		};
		3E43A085279F93C200564728 /* Application */ = {
			isa = PBXGroup;
			children = (
				3ECA5EF4279EDC5C0029982D /* AppDelegate.swift */,
				3ECA5EF6279EDC5C0029982D /* SceneDelegate.swift */,
			);
			path = Application;
			sourceTree = "<group>";
		};
		3ECA5EE8279EDC5C0029982D = {
			isa = PBXGroup;
			children = (
				3ECA5EF3279EDC5C0029982D /* NewsAppMVVM */,
				3ECA5EF2279EDC5C0029982D /* Products */,
				EEF565D18A031294D4279752 /* Pods */,
				4129B84AD3857286229A5374 /* Frameworks */,
			);
			sourceTree = "<group>";
		};
		3ECA5EF2279EDC5C0029982D /* Products */ = {
			isa = PBXGroup;
			children = (
				3ECA5EF1279EDC5C0029982D /* NewsAppMVVM.app */,
			);
			name = Products;
			sourceTree = "<group>";
		};
		3ECA5EF3279EDC5C0029982D /* NewsAppMVVM */ = {
			isa = PBXGroup;
			children = (
				3ECA5F08279EDC9E0029982D /* ViewControllers */,
				3E43A07F279F892A00564728 /* ViewModels */,
				3ECA5F0B279EE1910029982D /* Models */,
				3E43A082279F90A700564728 /* Cells */,
				3E43A07C279F85E800564728 /* Extension */,
				3E43A085279F93C200564728 /* Application */,
				3ECA5EFA279EDC5C0029982D /* Main.storyboard */,
				3ECA5EFD279EDC5D0029982D /* Assets.xcassets */,
				3ECA5EFF279EDC5D0029982D /* LaunchScreen.storyboard */,
				3ECA5F02279EDC5D0029982D /* Info.plist */,
			);
			path = NewsAppMVVM;
			sourceTree = "<group>";
		};
		3ECA5F08279EDC9E0029982D /* ViewControllers */ = {
			isa = PBXGroup;
			children = (
				3ECA5F09279EDD0A0029982D /* NewsTableViewController.swift */,
			);
			path = ViewControllers;
			sourceTree = "<group>";
		};
		3ECA5F0B279EE1910029982D /* Models */ = {
			isa = PBXGroup;
			children = (
				3ECA5F0C279EE1A70029982D /* Article.swift */,
			);
			path = Models;
			sourceTree = "<group>";
		};
		4129B84AD3857286229A5374 /* Frameworks */ = {
			isa = PBXGroup;
			children = (
				50208F315A420EA7C4B705E5 /* Pods_NewsAppMVVM.framework */,
			);
			name = Frameworks;
			sourceTree = "<group>";
		};
		EEF565D18A031294D4279752 /* Pods */ = {
			isa = PBXGroup;
			children = (
				D5E1DC3FB4A94B3ABF4249C8 /* Pods-NewsAppMVVM.debug.xcconfig */,
				C9A91AF372A32A88ED09C5D7 /* Pods-NewsAppMVVM.release.xcconfig */,
			);
			path = Pods;
			sourceTree = "<group>";
		};
/* End PBXGroup section */

/* Begin PBXNativeTarget section */
		3ECA5EF0279EDC5C0029982D /* NewsAppMVVM */ = {
			isa = PBXNativeTarget;
			buildConfigurationList = 3ECA5F05279EDC5D0029982D /* Build configuration list for PBXNativeTarget "NewsAppMVVM" */;
			buildPhases = (
				27C8CB43B1CAEE6D7F4280D5 /* [CP] Check Pods Manifest.lock */,
				3ECA5EED279EDC5C0029982D /* Sources */,
				3ECA5EEE279EDC5C0029982D /* Frameworks */,
				3ECA5EEF279EDC5C0029982D /* Resources */,
				9D18701E7B2DC8F2F1E1C156 /* [CP] Embed Pods Frameworks */,
			);
			buildRules = (
			);
			dependencies = (
			);
			name = NewsAppMVVM;
			productName = NewsAppMVVM;
			productReference = 3ECA5EF1279EDC5C0029982D /* NewsAppMVVM.app */;
			productType = "com.apple.product-type.application";
		};
/* End PBXNativeTarget section */

/* Begin PBXProject section */
		3ECA5EE9279EDC5C0029982D /* Project object */ = {
			isa = PBXProject;
			attributes = {
				BuildIndependentTargetsInParallel = 1;
				LastSwiftUpdateCheck = 1310;
				LastUpgradeCheck = 1310;
				TargetAttributes = {
					3ECA5EF0279EDC5C0029982D = {
						CreatedOnToolsVersion = 13.1;
					};
				};
			};
			buildConfigurationList = 3ECA5EEC279EDC5C0029982D /* Build configuration list for PBXProject "NewsAppMVVM" */;
			compatibilityVersion = "Xcode 13.0";
			developmentRegion = en;
			hasScannedForEncodings = 0;
			knownRegions = (
				en,
				Base,
			);
			mainGroup = 3ECA5EE8279EDC5C0029982D;
			productRefGroup = 3ECA5EF2279EDC5C0029982D /* Products */;
			projectDirPath = "";
			projectRoot = "";
			targets = (
				3ECA5EF0279EDC5C0029982D /* NewsAppMVVM */,
			);
		};
/* End PBXProject section */

/* Begin PBXResourcesBuildPhase section */
		3ECA5EEF279EDC5C0029982D /* Resources */ = {
			isa = PBXResourcesBuildPhase;
			buildActionMask = 2147483647;
			files = (
				3ECA5F01279EDC5D0029982D /* LaunchScreen.storyboard in Resources */,
				3ECA5EFE279EDC5D0029982D /* Assets.xcassets in Resources */,
				3ECA5EFC279EDC5C0029982D /* Main.storyboard in Resources */,
			);
			runOnlyForDeploymentPostprocessing = 0;
		};
/* End PBXResourcesBuildPhase section */

/* Begin PBXShellScriptBuildPhase section */
		27C8CB43B1CAEE6D7F4280D5 /* [CP] Check Pods Manifest.lock */ = {
			isa = PBXShellScriptBuildPhase;
			buildActionMask = 2147483647;
			files = (
			);
			inputFileListPaths = (
			);
			inputPaths = (
				"${PODS_PODFILE_DIR_PATH}/Podfile.lock",
				"${PODS_ROOT}/Manifest.lock",
			);
			name = "[CP] Check Pods Manifest.lock";
			outputFileListPaths = (
			);
			outputPaths = (
				"$(DERIVED_FILE_DIR)/Pods-NewsAppMVVM-checkManifestLockResult.txt",
			);
			runOnlyForDeploymentPostprocessing = 0;
			shellPath = /bin/sh;
			shellScript = "diff \"${PODS_PODFILE_DIR_PATH}/Podfile.lock\" \"${PODS_ROOT}/Manifest.lock\" > /dev/null\nif [ $? != 0 ] ; then\n    # print error to STDERR\n    echo \"error: The sandbox is not in sync with the Podfile.lock. Run 'pod install' or update your CocoaPods installation.\" >&2\n    exit 1\nfi\n# This output is used by Xcode 'outputs' to avoid re-running this script phase.\necho \"SUCCESS\" > \"${SCRIPT_OUTPUT_FILE_0}\"\n";
			showEnvVarsInLog = 0;
		};
		9D18701E7B2DC8F2F1E1C156 /* [CP] Embed Pods Frameworks */ = {
			isa = PBXShellScriptBuildPhase;
			buildActionMask = 2147483647;
			files = (
			);
			inputFileListPaths = (
				"${PODS_ROOT}/Target Support Files/Pods-NewsAppMVVM/Pods-NewsAppMVVM-frameworks-${CONFIGURATION}-input-files.xcfilelist",
			);
			name = "[CP] Embed Pods Frameworks";
			outputFileListPaths = (
				"${PODS_ROOT}/Target Support Files/Pods-NewsAppMVVM/Pods-NewsAppMVVM-frameworks-${CONFIGURATION}-output-files.xcfilelist",
			);
			runOnlyForDeploymentPostprocessing = 0;
			shellPath = /bin/sh;
			shellScript = "\"${PODS_ROOT}/Target Support Files/Pods-NewsAppMVVM/Pods-NewsAppMVVM-frameworks.sh\"\n";
			showEnvVarsInLog = 0;
		};
/* End PBXShellScriptBuildPhase section */

/* Begin PBXSourcesBuildPhase section */
		3ECA5EED279EDC5C0029982D /* Sources */ = {
			isa = PBXSourcesBuildPhase;
			buildActionMask = 2147483647;
			files = (
				3E43A07E279F85F900564728 /* URLRequest+Extension.swift in Sources */,
				3ECA5F0D279EE1A70029982D /* Article.swift in Sources */,
				3ECA5EF5279EDC5C0029982D /* AppDelegate.swift in Sources */,
				3E43A081279F894300564728 /* AriticleViewModel.swift in Sources */,
				3ECA5EF7279EDC5C0029982D /* SceneDelegate.swift in Sources */,
				3E43A084279F90B600564728 /* ArticleTableViewCell.swift in Sources */,
				3ECA5F0A279EDD0A0029982D /* NewsTableViewController.swift in Sources */,
			);
			runOnlyForDeploymentPostprocessing = 0;
		};
/* End PBXSourcesBuildPhase section */

/* Begin PBXVariantGroup section */
		3ECA5EFA279EDC5C0029982D /* Main.storyboard */ = {
			isa = PBXVariantGroup;
			children = (
				3ECA5EFB279EDC5C0029982D /* Base */,
			);
			name = Main.storyboard;
			sourceTree = "<group>";
		};
		3ECA5EFF279EDC5D0029982D /* LaunchScreen.storyboard */ = {
			isa = PBXVariantGroup;
			children = (
				3ECA5F00279EDC5D0029982D /* Base */,
			);
			name = LaunchScreen.storyboard;
			sourceTree = "<group>";
		};
/* End PBXVariantGroup section */

/* Begin XCBuildConfiguration section */
		3ECA5F03279EDC5D0029982D /* Debug */ = {
			isa = XCBuildConfiguration;
			buildSettings = {
				ALWAYS_SEARCH_USER_PATHS = NO;
				CLANG_ANALYZER_NONNULL = YES;
				CLANG_ANALYZER_NUMBER_OBJECT_CONVERSION = YES_AGGRESSIVE;
				CLANG_CXX_LANGUAGE_STANDARD = "gnu++17";
				CLANG_CXX_LIBRARY = "libc++";
				CLANG_ENABLE_MODULES = YES;
				CLANG_ENABLE_OBJC_ARC = YES;
				CLANG_ENABLE_OBJC_WEAK = YES;
				CLANG_WARN_BLOCK_CAPTURE_AUTORELEASING = YES;
				CLANG_WARN_BOOL_CONVERSION = YES;
				CLANG_WARN_COMMA = YES;
				CLANG_WARN_CONSTANT_CONVERSION = YES;
				CLANG_WARN_DEPRECATED_OBJC_IMPLEMENTATIONS = YES;
				CLANG_WARN_DIRECT_OBJC_ISA_USAGE = YES_ERROR;
				CLANG_WARN_DOCUMENTATION_COMMENTS = YES;
				CLANG_WARN_EMPTY_BODY = YES;
				CLANG_WARN_ENUM_CONVERSION = YES;
				CLANG_WARN_INFINITE_RECURSION = YES;
				CLANG_WARN_INT_CONVERSION = YES;
				CLANG_WARN_NON_LITERAL_NULL_CONVERSION = YES;
				CLANG_WARN_OBJC_IMPLICIT_RETAIN_SELF = YES;
				CLANG_WARN_OBJC_LITERAL_CONVERSION = YES;
				CLANG_WARN_OBJC_ROOT_CLASS = YES_ERROR;
				CLANG_WARN_QUOTED_INCLUDE_IN_FRAMEWORK_HEADER = YES;
				CLANG_WARN_RANGE_LOOP_ANALYSIS = YES;
				CLANG_WARN_STRICT_PROTOTYPES = YES;
				CLANG_WARN_SUSPICIOUS_MOVE = YES;
				CLANG_WARN_UNGUARDED_AVAILABILITY = YES_AGGRESSIVE;
				CLANG_WARN_UNREACHABLE_CODE = YES;
				CLANG_WARN__DUPLICATE_METHOD_MATCH = YES;
				COPY_PHASE_STRIP = NO;
				DEBUG_INFORMATION_FORMAT = dwarf;
				ENABLE_STRICT_OBJC_MSGSEND = YES;
				ENABLE_TESTABILITY = YES;
				GCC_C_LANGUAGE_STANDARD = gnu11;
				GCC_DYNAMIC_NO_PIC = NO;
				GCC_NO_COMMON_BLOCKS = YES;
				GCC_OPTIMIZATION_LEVEL = 0;
				GCC_PREPROCESSOR_DEFINITIONS = (
					"DEBUG=1",
					"$(inherited)",
				);
				GCC_WARN_64_TO_32_BIT_CONVERSION = YES;
				GCC_WARN_ABOUT_RETURN_TYPE = YES_ERROR;
				GCC_WARN_UNDECLARED_SELECTOR = YES;
				GCC_WARN_UNINITIALIZED_AUTOS = YES_AGGRESSIVE;
				GCC_WARN_UNUSED_FUNCTION = YES;
				GCC_WARN_UNUSED_VARIABLE = YES;
				IPHONEOS_DEPLOYMENT_TARGET = 15.0;
				MTL_ENABLE_DEBUG_INFO = INCLUDE_SOURCE;
				MTL_FAST_MATH = YES;
				ONLY_ACTIVE_ARCH = YES;
				SDKROOT = iphoneos;
				SWIFT_ACTIVE_COMPILATION_CONDITIONS = DEBUG;
				SWIFT_OPTIMIZATION_LEVEL = "-Onone";
			};
			name = Debug;
		};
		3ECA5F04279EDC5D0029982D /* Release */ = {
			isa = XCBuildConfiguration;
			buildSettings = {
				ALWAYS_SEARCH_USER_PATHS = NO;
				CLANG_ANALYZER_NONNULL = YES;
				CLANG_ANALYZER_NUMBER_OBJECT_CONVERSION = YES_AGGRESSIVE;
				CLANG_CXX_LANGUAGE_STANDARD = "gnu++17";
				CLANG_CXX_LIBRARY = "libc++";
				CLANG_ENABLE_MODULES = YES;
				CLANG_ENABLE_OBJC_ARC = YES;
				CLANG_ENABLE_OBJC_WEAK = YES;
				CLANG_WARN_BLOCK_CAPTURE_AUTORELEASING = YES;
				CLANG_WARN_BOOL_CONVERSION = YES;
				CLANG_WARN_COMMA = YES;
				CLANG_WARN_CONSTANT_CONVERSION = YES;
				CLANG_WARN_DEPRECATED_OBJC_IMPLEMENTATIONS = YES;
				CLANG_WARN_DIRECT_OBJC_ISA_USAGE = YES_ERROR;
				CLANG_WARN_DOCUMENTATION_COMMENTS = YES;
				CLANG_WARN_EMPTY_BODY = YES;
				CLANG_WARN_ENUM_CONVERSION = YES;
				CLANG_WARN_INFINITE_RECURSION = YES;
				CLANG_WARN_INT_CONVERSION = YES;
				CLANG_WARN_NON_LITERAL_NULL_CONVERSION = YES;
				CLANG_WARN_OBJC_IMPLICIT_RETAIN_SELF = YES;
				CLANG_WARN_OBJC_LITERAL_CONVERSION = YES;
				CLANG_WARN_OBJC_ROOT_CLASS = YES_ERROR;
				CLANG_WARN_QUOTED_INCLUDE_IN_FRAMEWORK_HEADER = YES;
				CLANG_WARN_RANGE_LOOP_ANALYSIS = YES;
				CLANG_WARN_STRICT_PROTOTYPES = YES;
				CLANG_WARN_SUSPICIOUS_MOVE = YES;
				CLANG_WARN_UNGUARDED_AVAILABILITY = YES_AGGRESSIVE;
				CLANG_WARN_UNREACHABLE_CODE = YES;
				CLANG_WARN__DUPLICATE_METHOD_MATCH = YES;
				COPY_PHASE_STRIP = NO;
				DEBUG_INFORMATION_FORMAT = "dwarf-with-dsym";
				ENABLE_NS_ASSERTIONS = NO;
				ENABLE_STRICT_OBJC_MSGSEND = YES;
				GCC_C_LANGUAGE_STANDARD = gnu11;
				GCC_NO_COMMON_BLOCKS = YES;
				GCC_WARN_64_TO_32_BIT_CONVERSION = YES;
				GCC_WARN_ABOUT_RETURN_TYPE = YES_ERROR;
				GCC_WARN_UNDECLARED_SELECTOR = YES;
				GCC_WARN_UNINITIALIZED_AUTOS = YES_AGGRESSIVE;
				GCC_WARN_UNUSED_FUNCTION = YES;
				GCC_WARN_UNUSED_VARIABLE = YES;
				IPHONEOS_DEPLOYMENT_TARGET = 15.0;
				MTL_ENABLE_DEBUG_INFO = NO;
				MTL_FAST_MATH = YES;
				SDKROOT = iphoneos;
				SWIFT_COMPILATION_MODE = wholemodule;
				SWIFT_OPTIMIZATION_LEVEL = "-O";
				VALIDATE_PRODUCT = YES;
			};
			name = Release;
		};
		3ECA5F06279EDC5D0029982D /* Debug */ = {
			isa = XCBuildConfiguration;
			baseConfigurationReference = D5E1DC3FB4A94B3ABF4249C8 /* Pods-NewsAppMVVM.debug.xcconfig */;
			buildSettings = {
				ASSETCATALOG_COMPILER_APPICON_NAME = AppIcon;
				ASSETCATALOG_COMPILER_GLOBAL_ACCENT_COLOR_NAME = AccentColor;
				CODE_SIGN_STYLE = Automatic;
				CURRENT_PROJECT_VERSION = 1;
				DEVELOPMENT_TEAM = ASX597UAY6;
				GENERATE_INFOPLIST_FILE = YES;
				INFOPLIST_FILE = NewsAppMVVM/Info.plist;
				INFOPLIST_KEY_UIApplicationSupportsIndirectInputEvents = YES;
				INFOPLIST_KEY_UILaunchStoryboardName = LaunchScreen;
				INFOPLIST_KEY_UIMainStoryboardFile = Main;
				INFOPLIST_KEY_UISupportedInterfaceOrientations_iPad = "UIInterfaceOrientationPortrait UIInterfaceOrientationPortraitUpsideDown UIInterfaceOrientationLandscapeLeft UIInterfaceOrientationLandscapeRight";
				INFOPLIST_KEY_UISupportedInterfaceOrientations_iPhone = "UIInterfaceOrientationPortrait UIInterfaceOrientationLandscapeLeft UIInterfaceOrientationLandscapeRight";
				LD_RUNPATH_SEARCH_PATHS = (
					"$(inherited)",
					"@executable_path/Frameworks",
				);
				MARKETING_VERSION = 1.0;
				PRODUCT_BUNDLE_IDENTIFIER = com.asher.NewsAppMVVM;
				PRODUCT_NAME = "$(TARGET_NAME)";
				SWIFT_EMIT_LOC_STRINGS = YES;
				SWIFT_VERSION = 5.0;
				TARGETED_DEVICE_FAMILY = "1,2";
			};
			name = Debug;
		};
		3ECA5F07279EDC5D0029982D /* Release */ = {
			isa = XCBuildConfiguration;
			baseConfigurationReference = C9A91AF372A32A88ED09C5D7 /* Pods-NewsAppMVVM.release.xcconfig */;
			buildSettings = {
				ASSETCATALOG_COMPILER_APPICON_NAME = AppIcon;
				ASSETCATALOG_COMPILER_GLOBAL_ACCENT_COLOR_NAME = AccentColor;
				CODE_SIGN_STYLE = Automatic;
				CURRENT_PROJECT_VERSION = 1;
				DEVELOPMENT_TEAM = ASX597UAY6;
				GENERATE_INFOPLIST_FILE = YES;
				INFOPLIST_FILE = NewsAppMVVM/Info.plist;
				INFOPLIST_KEY_UIApplicationSupportsIndirectInputEvents = YES;
				INFOPLIST_KEY_UILaunchStoryboardName = LaunchScreen;
				INFOPLIST_KEY_UIMainStoryboardFile = Main;
				INFOPLIST_KEY_UISupportedInterfaceOrientations_iPad = "UIInterfaceOrientationPortrait UIInterfaceOrientationPortraitUpsideDown UIInterfaceOrientationLandscapeLeft UIInterfaceOrientationLandscapeRight";
				INFOPLIST_KEY_UISupportedInterfaceOrientations_iPhone = "UIInterfaceOrientationPortrait UIInterfaceOrientationLandscapeLeft UIInterfaceOrientationLandscapeRight";
				LD_RUNPATH_SEARCH_PATHS = (
					"$(inherited)",
					"@executable_path/Frameworks",
				);
				MARKETING_VERSION = 1.0;
				PRODUCT_BUNDLE_IDENTIFIER = com.asher.NewsAppMVVM;
				PRODUCT_NAME = "$(TARGET_NAME)";
				SWIFT_EMIT_LOC_STRINGS = YES;
				SWIFT_VERSION = 5.0;
				TARGETED_DEVICE_FAMILY = "1,2";
			};
			name = Release;
		};
/* End XCBuildConfiguration section */

/* Begin XCConfigurationList section */
		3ECA5EEC279EDC5C0029982D /* Build configuration list for PBXProject "NewsAppMVVM" */ = {
			isa = XCConfigurationList;
			buildConfigurations = (
				3ECA5F03279EDC5D0029982D /* Debug */,
				3ECA5F04279EDC5D0029982D /* Release */,
			);
			defaultConfigurationIsVisible = 0;
			defaultConfigurationName = Release;
		};
		3ECA5F05279EDC5D0029982D /* Build configuration list for PBXNativeTarget "NewsAppMVVM" */ = {
			isa = XCConfigurationList;
			buildConfigurations = (
				3ECA5F06279EDC5D0029982D /* Debug */,
				3ECA5F07279EDC5D0029982D /* Release */,
			);
			defaultConfigurationIsVisible = 0;
			defaultConfigurationName = Release;
		};
/* End XCConfigurationList section */
	};
	rootObject = 3ECA5EE9279EDC5C0029982D /* Project object */;
}
